
Microsoft Visual Studio Solution File, Format Version 12.00
# Visual Studio Version 16
VisualStudioVersion = 16.0.31005.135
MinimumVisualStudioVersion = 10.0.40219.1
Project("{9A19103F-16F7-4668-BE54-9A1E7A4F7556}") = "WEXCorporatePaymentsProduct", "WEXCorporatePaymentsProduct.csproj", "{6A88FB70-7EBE-4CE3-9A19-82C910D54060}"
EndProject
Project("{FAE04EC0-301F-11D3-BF4B-00C04F79EFBC}") = "WEX_Tests", "..\WEX_Tests\WEX_Tests.csproj", "{E79010E8-FE23-4EDF-9380-777F1ACAE36E}"
	ProjectSection(ProjectDependencies) = postProject
		{6A88FB70-7EBE-4CE3-9A19-82C910D54060} = {6A88FB70-7EBE-4CE3-9A19-82C910D54060}
	EndProjectSection
EndProject
Global
	GlobalSection(SolutionConfigurationPlatforms) = preSolution
		Debug|Any CPU = Debug|Any CPU
		Release|Any CPU = Release|Any CPU
	EndGlobalSection
	GlobalSection(ProjectConfigurationPlatforms) = postSolution
		{6A88FB70-7EBE-4CE3-9A19-82C910D54060}.Debug|Any CPU.ActiveCfg = Debug|Any CPU
		{6A88FB70-7EBE-4CE3-9A19-82C910D54060}.Debug|Any CPU.Build.0 = Debug|Any CPU
		{6A88FB70-7EBE-4CE3-9A19-82C910D54060}.Release|Any CPU.ActiveCfg = Release|Any CPU
		{6A88FB70-7EBE-4CE3-9A19-82C910D54060}.Release|Any CPU.Build.0 = Release|Any CPU
		{E79010E8-FE23-4EDF-9380-777F1ACAE36E}.Debug|Any CPU.ActiveCfg = Debug|Any CPU
		{E79010E8-FE23-4EDF-9380-777F1ACAE36E}.Debug|Any CPU.Build.0 = Debug|Any CPU
		{E79010E8-FE23-4EDF-9380-777F1ACAE36E}.Release|Any CPU.ActiveCfg = Release|Any CPU
		{E79010E8-FE23-4EDF-9380-777F1ACAE36E}.Release|Any CPU.Build.0 = Release|Any CPU
	EndGlobalSection
	GlobalSection(SolutionProperties) = preSolution
		HideSolutionNode = FALSE
	EndGlobalSection
	GlobalSection(ExtensibilityGlobals) = postSolution
		SolutionGuid = {A5B5A456-2D46-4594-8D23-83E6D4B3238C}
	EndGlobalSection
EndGlobal
